# This file is autogenerated, do not edit; changes may be undone by the next 'dep ensure'.


[[projects]]
  branch = "master"
  digest = "1:8fec0e92b08b12b9b0f72f3fbcfe5a621b34eb9346e953fb63590bc2871b6bd8"
  name = "github.com/Unknwon/goconfig"
  packages = ["."]
  pruneopts = "UT"
  revision = "ef1e4c783f8f0478bd8bff0edb3dd0bade552599"

[[projects]]
  digest = "1:a3bcc898f453d7238c708ac468849796bdf6ca33fc540195a271fd7a3b360d2b"
  name = "github.com/astaxie/beego"
  packages = [
    ".",
    "config",
    "context",
    "context/param",
    "grace",
    "logs",
    "session",
    "toolbox",
    "utils",
  ]
  pruneopts = "UT"
  revision = "053a075344c118a5cc41981b29ef612bb53d20ca"
  version = "v1.10.1"

[[projects]]
  branch = "master"
  digest = "1:3fe5901b31a338d0588a2e3e35ac7a1e2ec06a4dd0389c77f6730d56a154ddfb"
  name = "github.com/beego/i18n"
  packages = ["."]
  pruneopts = "UT"
  revision = "e9308947f407a24aaa1e7dbe35a01931e99cb255"

[[projects]]
  branch = "master"
  digest = "1:dedf20eb0d3e8d6aa8a4d3d2fae248222b688ed528201995e152cc497899123c"
  name = "golang.org/x/crypto"
  packages = [
    "acme",
    "acme/autocert",
  ]
  pruneopts = "UT"
  revision = "0709b304e793a5edb4a2c0145f281ecdc20838a4"

[[projects]]
  digest = "1:342378ac4dcb378a5448dd723f0784ae519383532f5e70ade24132c4c8693202"
  name = "gopkg.in/yaml.v2"
  packages = ["."]
  pruneopts = "UT"
  revision = "5420a8b6744d3b0345ab293f6fcba19c978f1183"
  version = "v2.2.1"

[solve-meta]
  analyzer-name = "dep"
  analyzer-version = 1
  input-imports = [
    "github.com/astaxie/beego",
    "github.com/beego/i18n",
  ]
  solver-name = "gps-cdcl"
  solver-version = 1
